# THIS IS AN AUTOGENERATED FILE. DO NOT EDIT THIS FILE DIRECTLY.
# yarn lockfile v1


"@ant-design/colors@^3.1.0":
  version "3.2.2"
  resolved "https://registry.npmjs.org/@ant-design/colors/-/colors-3.2.2.tgz#5ad43d619e911f3488ebac303d606e66a8423903"
  integrity sha512-YKgNbG2dlzqMhA9NtI3/pbY16m3Yl/EeWBRa+lB1X1YaYxHrxNexiQYCLTWO/uDvAjLFMEDU+zR901waBtMtjQ==
  dependencies:
    tinycolor2 "^1.4.1"

"@ant-design/icons-vue@^2.0.0":
  version "2.0.0"
  resolved "https://registry.npmjs.org/@ant-design/icons-vue/-/icons-vue-2.0.0.tgz#0357f5010a404e9f34a87a4b41b2a08df691dbce"
  integrity sha512-2c0QQE5hL4N48k5NkPG5sdpMl9YnvyNhf0U7YkdZYDlLnspoRU7vIA0UK9eHBs6OpFLcJB6o8eJrIl2ajBskPg==
  dependencies:
    "@ant-design/colors" "^3.1.0"
    babel-runtime "^6.26.0"

"@ant-design/icons@^2.1.1":
  version "2.1.1"
  resolved "https://registry.npmjs.org/@ant-design/icons/-/icons-2.1.1.tgz#7b9c08dffd4f5d41db667d9dbe5e0107d0bd9a4a"
  integrity sha512-jCH+k2Vjlno4YWl6g535nHR09PwCEmTBKAG6VqF+rhkrSPRLfgpU2maagwbZPLjaHuU5Jd1DFQ2KJpQuI6uG8w==

"@simonwep/pickr@~1.7.0":
  version "1.7.2"
  resolved "https://registry.npmjs.org/@simonwep/pickr/-/pickr-1.7.2.tgz#99c73a3852633f749c8c187c82627a448b76b1ef"
  integrity sha512-XHmQKS1k1gUvB4kOj9W3DTpT5SQWDovSm3KuOtmlkHmezkF/WzyraPIk+vwroxESdugfqanJZFvgdj9lzHcEKw==
  dependencies:
    core-js "^3.6.5"
    nanopop "^1.3.0"

abbrev@1:
  version "1.1.1"
  resolved "https://registry.npmjs.org/abbrev/-/abbrev-1.1.1.tgz#f8f2c887ad10bf67f634f005b6987fed3179aac8"
  integrity sha512-nne9/IiQ/hzIhY6pdDnbBtz7DjPTKrY00P/zvPSm5pOFkl6xuGrGnXn/VtTNNfNtAfZ9/1RtehkszU9qcTii0Q==

add-dom-event-listener@^1.0.2:
  version "1.1.0"
  resolved "https://registry.npmjs.org/add-dom-event-listener/-/add-dom-event-listener-1.1.0.tgz#6a92db3a0dd0abc254e095c0f1dc14acbbaae310"
  integrity sha512-WCxx1ixHT0GQU9hb0KI/mhgRQhnU+U3GvwY6ZvVjYq8rsihIGoaIOUbY0yMPBxLH5MDtr0kz3fisWGNcbWW7Jw==
  dependencies:
    object-assign "4.x"

ant-design-vue@^1.6.4:
  version "1.6.4"
  resolved "https://registry.npmjs.org/ant-design-vue/-/ant-design-vue-1.6.4.tgz#daba1ce6b357b6688dfe44a825864953a5c6c624"
  integrity sha512-BQ37Vcw6itMIsa+UFr+ad4I3Tx6ZYAPnComvWXQwWqDuVIW4A0M5X+nY/pTTIaH9cPSxMse8KUSUu0ibuYj3Ag==
  dependencies:
    "@ant-design/icons" "^2.1.1"
    "@ant-design/icons-vue" "^2.0.0"
    "@simonwep/pickr" "~1.7.0"
    add-dom-event-listener "^1.0.2"
    array-tree-filter "^2.1.0"
    async-validator "^3.0.3"
    babel-helper-vue-jsx-merge-props "^2.0.3"
    babel-runtime "6.x"
    classnames "^2.2.5"
    component-classes "^1.2.6"
    dom-align "^1.10.4"
    dom-closest "^0.2.0"
    dom-scroll-into-view "^2.0.0"
    enquire.js "^2.1.6"
    intersperse "^1.0.0"
    is-mobile "^2.2.1"
    is-negative-zero "^2.0.0"
    ismobilejs "^1.0.0"
    json2mq "^0.2.0"
    lodash "^4.17.5"
    moment "^2.21.0"
    mutationobserver-shim "^0.3.2"
    node-emoji "^1.10.0"
    omit.js "^1.0.0"
    raf "^3.4.0"
    resize-observer-polyfill "^1.5.1"
    shallow-equal "^1.0.0"
    shallowequal "^1.0.2"
    vue-ref "^2.0.0"
    warning "^4.0.0"

array-tree-filter@^2.1.0:
  version "2.1.0"
  resolved "https://registry.npmjs.org/array-tree-filter/-/array-tree-filter-2.1.0.tgz#873ac00fec83749f255ac8dd083814b4f6329190"
  integrity sha512-4ROwICNlNw/Hqa9v+rk5h22KjmzB1JGTMVKP2AKJBOCgb0yL0ASf0+YvCcLNNwquOHNX48jkeZIJ3a+oOQqKcw==

async-validator@^3.0.3:
  version "3.4.0"
  resolved "https://registry.npmjs.org/async-validator/-/async-validator-3.4.0.tgz#871b3e594124bf4c4eb7bcd1a9e78b44f3b09cae"
  integrity sha512-VrFk4eYiJAWKskEz115iiuCf9O0ftnMMPXrOFMqyzGH2KxO7YwncKyn/FgOOP+0MDHMfXL7gLExagCutaZGigA==

babel-helper-vue-jsx-merge-props@^2.0.3:
  version "2.0.3"
  resolved "https://registry.npmjs.org/babel-helper-vue-jsx-merge-props/-/babel-helper-vue-jsx-merge-props-2.0.3.tgz#22aebd3b33902328e513293a8e4992b384f9f1b6"
  integrity sha512-gsLiKK7Qrb7zYJNgiXKpXblxbV5ffSwR0f5whkPAaBAR4fhi6bwRZxX9wBlIc5M/v8CCkXUbXZL4N/nSE97cqg==

babel-runtime@6.x, babel-runtime@^6.23.0, babel-runtime@^6.26.0:
  version "6.26.0"
  resolved "https://registry.npmjs.org/babel-runtime/-/babel-runtime-6.26.0.tgz#965c7058668e82b55d7bfe04ff2337bc8b5647fe"
  integrity sha1-llxwWGaOgrVde/4E/yM3vItWR/4=
  dependencies:
    core-js "^2.4.0"
    regenerator-runtime "^0.11.0"

balanced-match@^1.0.0:
  version "1.0.0"
  resolved "https://registry.npmjs.org/balanced-match/-/balanced-match-1.0.0.tgz#89b4d199ab2bee49de164ea02b89ce462d71b767"
  integrity sha1-ibTRmasr7kneFk6gK4nORi1xt2c=

brace-expansion@^1.1.7:
  version "1.1.11"
  resolved "https://registry.npmjs.org/brace-expansion/-/brace-expansion-1.1.11.tgz#3c7fcbf529d87226f3d2f52b966ff5271eb441dd"
  integrity sha512-iCuPHDFgrHX7H2vEI/5xpz07zSHB00TpugqhmYtVmMO6518mCuRMoOYFldEBl0g187ufozdaHgWKcYFb61qGiA==
  dependencies:
    balanced-match "^1.0.0"
    concat-map "0.0.1"

classnames@^2.2.5:
  version "2.2.6"
  resolved "https://registry.npmjs.org/classnames/-/classnames-2.2.6.tgz#43935bffdd291f326dad0a205309b38d00f650ce"
  integrity sha512-JR/iSQOSt+LQIWwrwEzJ9uk0xfN3mTVYMwt1Ir5mUcSN6pU+V4zQFFaJsclJbPuAUQH+yfWef6tm7l1quW3C8Q==

codemirror@^5.56.0:
  version "5.56.0"
  resolved "https://registry.npmjs.org/codemirror/-/codemirror-5.56.0.tgz#675640fcc780105cd22d3faa738b5d7ea6426f61"
  integrity sha512-MfKVmYgifXjQpLSgpETuih7A7WTTIsxvKfSLGseTY5+qt0E1UD1wblZGM6WLenORo8sgmf+3X+WTe2WF7mufyw==

commander@^2.19.0:
  version "2.20.3"
  resolved "https://registry.npmjs.org/commander/-/commander-2.20.3.tgz#fd485e84c03eb4881c20722ba48035e8531aeb33"
  integrity sha512-GpVkmM8vF2vQUkj2LvZmD35JxeJOLCwJ9cUkugyk2nuhbv3+mJvpLYYt+0+USMxE+oj+ey/lJEnhZw75x/OMcQ==

component-classes@^1.2.6:
  version "1.2.6"
  resolved "https://registry.npmjs.org/component-classes/-/component-classes-1.2.6.tgz#c642394c3618a4d8b0b8919efccbbd930e5cd691"
  integrity sha1-xkI5TDYYpNiwuJGe/Mu9kw5c1pE=
  dependencies:
    component-indexof "0.0.3"

component-indexof@0.0.3:
  version "0.0.3"
  resolved "https://registry.npmjs.org/component-indexof/-/component-indexof-0.0.3.tgz#11d091312239eb8f32c8f25ae9cb002ffe8d3c24"
  integrity sha1-EdCRMSI5648yyPJa6csAL/6NPCQ=

concat-map@0.0.1:
  version "0.0.1"
  resolved "https://registry.npmjs.org/concat-map/-/concat-map-0.0.1.tgz#d8a96bd77fd68df7793a73036a3ba0d5405d477b"
  integrity sha1-2Klr13/Wjfd5OnMDajug1UBdR3s=

config-chain@^1.1.12:
  version "1.1.12"
  resolved "https://registry.npmjs.org/config-chain/-/config-chain-1.1.12.tgz#0fde8d091200eb5e808caf25fe618c02f48e4efa"
  integrity sha512-a1eOIcu8+7lUInge4Rpf/n4Krkf3Dd9lqhljRzII1/Zno/kRtUWnznPO3jOKBmTEktkt3fkxisUcivoj0ebzoA==
  dependencies:
    ini "^1.3.4"
    proto-list "~1.2.1"

core-js@^2.4.0:
  version "2.6.11"
  resolved "https://registry.npmjs.org/core-js/-/core-js-2.6.11.tgz#38831469f9922bded8ee21c9dc46985e0399308c"
  integrity sha512-5wjnpaT/3dV+XB4borEsnAYQchn00XSgTAWKDkEqv+K8KevjbzmofK6hfJ9TZIlpj2N0xQpazy7PiRQiWHqzWg==

core-js@^3.6.5:
  version "3.6.5"
  resolved "https://registry.npmjs.org/core-js/-/core-js-3.6.5.tgz#7395dc273af37fb2e50e9bd3d9fe841285231d1a"
  integrity sha512-vZVEEwZoIsI+vPEuoF9Iqf5H7/M3eeQqWlQnYa8FSKKePuYTf5MWnxb5SDAzCa60b3JBRS5g9b+Dq7b1y/RCrA==

dayjs@^1.8.33:
  version "1.8.33"
  resolved "https://registry.npmjs.org/dayjs/-/dayjs-1.8.33.tgz#18bc4a2b6c1c6f4d67b4c4f2536c0b97e5b766f7"
  integrity sha512-881TDLZCdpJFKbraWRHcUG8zfMLLX400ENf9rFZDuWc5zYMss6xifo2PhlDX0ftOmR2NRmaIY47bAa4gKQfXqw==

dom-align@^1.10.4:
  version "1.12.0"
  resolved "https://registry.npmjs.org/dom-align/-/dom-align-1.12.0.tgz#56fb7156df0b91099830364d2d48f88963f5a29c"
  integrity sha512-YkoezQuhp3SLFGdOlr5xkqZ640iXrnHAwVYcDg8ZKRUtO7mSzSC2BA5V0VuyAwPSJA4CLIc6EDDJh4bEsD2+zA==

dom-closest@^0.2.0:
  version "0.2.0"
  resolved "https://registry.npmjs.org/dom-closest/-/dom-closest-0.2.0.tgz#ebd9f91d1bf22e8d6f477876bbcd3ec90216c0cf"
  integrity sha1-69n5HRvyLo1vR3h2u80+yQIWwM8=
  dependencies:
    dom-matches ">=1.0.1"

dom-matches@>=1.0.1:
  version "2.0.0"
  resolved "https://registry.npmjs.org/dom-matches/-/dom-matches-2.0.0.tgz#d2728b416a87533980eb089b848d253cf23a758c"
  integrity sha1-0nKLQWqHUzmA6wibhI0lPPI6dYw=

dom-scroll-into-view@^2.0.0:
  version "2.0.1"
  resolved "https://registry.npmjs.org/dom-scroll-into-view/-/dom-scroll-into-view-2.0.1.tgz#0decc8522801fd8d3f1c6ba355a74d382c5f989b"
  integrity sha512-bvVTQe1lfaUr1oFzZX80ce9KLDlZ3iU+XGNE/bz9HnGdklTieqsbmsLHe+rT2XWqopvL0PckkYqN7ksmm5pe3w==

editorconfig@^0.15.3:
  version "0.15.3"
  resolved "https://registry.npmjs.org/editorconfig/-/editorconfig-0.15.3.tgz#bef84c4e75fb8dcb0ce5cee8efd51c15999befc5"
  integrity sha512-M9wIMFx96vq0R4F+gRpY3o2exzb8hEj/n9S8unZtHSvYjibBp/iMufSzvmOcV/laG0ZtuTVGtiJggPOSW2r93g==
  dependencies:
    commander "^2.19.0"
    lru-cache "^4.1.5"
    semver "^5.6.0"
    sigmund "^1.0.1"

enquire.js@^2.1.6:
  version "2.1.6"
  resolved "https://registry.npmjs.org/enquire.js/-/enquire.js-2.1.6.tgz#3e8780c9b8b835084c3f60e166dbc3c2a3c89814"
  integrity sha1-PoeAybi4NQhMP2DhZtvDwqPImBQ=

fs.realpath@^1.0.0:
  version "1.0.0"
  resolved "https://registry.npmjs.org/fs.realpath/-/fs.realpath-1.0.0.tgz#1504ad2523158caa40db4a2787cb01411994ea4f"
  integrity sha1-FQStJSMVjKpA20onh8sBQRmU6k8=

glob@^7.1.3:
  version "7.1.6"
  resolved "https://registry.npmjs.org/glob/-/glob-7.1.6.tgz#141f33b81a7c2492e125594307480c46679278a6"
  integrity sha512-LwaxwyZ72Lk7vZINtNNrywX0ZuLyStrdDtabefZKAY5ZGJhVtgdznluResxNmPitE0SAO+O26sWTHeKSI2wMBA==
  dependencies:
    fs.realpath "^1.0.0"
    inflight "^1.0.4"
    inherits "2"
    minimatch "^3.0.4"
    once "^1.3.0"
    path-is-absolute "^1.0.0"

inflight@^1.0.4:
  version "1.0.6"
  resolved "https://registry.npmjs.org/inflight/-/inflight-1.0.6.tgz#49bd6331d7d02d0c09bc910a1075ba8165b56df9"
  integrity sha1-Sb1jMdfQLQwJvJEKEHW6gWW1bfk=
  dependencies:
    once "^1.3.0"
    wrappy "1"

inherits@2:
  version "2.0.4"
  resolved "https://registry.npmjs.org/inherits/-/inherits-2.0.4.tgz#0fa2c64f932917c3433a0ded55363aae37416b7c"
  integrity sha512-k/vGaX4/Yla3WzyMCvTQOXYeIHvqOKtnqBduzTHpzpQZzAskKMhZ2K+EnBiSM9zGSoIFeMpXKxa4dYeZIQqewQ==

ini@^1.3.4:
  version "1.3.5"
  resolved "https://registry.npmjs.org/ini/-/ini-1.3.5.tgz#eee25f56db1c9ec6085e0c22778083f596abf927"
  integrity sha512-RZY5huIKCMRWDUqZlEi72f/lmXKMvuszcMBduliQ3nnWbx9X/ZBQO7DijMEYS9EhHBb2qacRUMtC7svLwe0lcw==

intersperse@^1.0.0:
  version "1.0.0"
  resolved "https://registry.npmjs.org/intersperse/-/intersperse-1.0.0.tgz#f2561fb1cfef9f5277cc3347a22886b4351a5181"
  integrity sha1-8lYfsc/vn1J3zDNHoiiGtDUaUYE=

is-mobile@^2.2.1:
  version "2.2.2"
  resolved "https://registry.npmjs.org/is-mobile/-/is-mobile-2.2.2.tgz#f6c9c5d50ee01254ce05e739bdd835f1ed4e9954"
  integrity sha512-wW/SXnYJkTjs++tVK5b6kVITZpAZPtUrt9SF80vvxGiF/Oywal+COk1jlRkiVq15RFNEQKQY31TkV24/1T5cVg==

is-negative-zero@^2.0.0:
  version "2.0.0"
  resolved "https://registry.npmjs.org/is-negative-zero/-/is-negative-zero-2.0.0.tgz#9553b121b0fac28869da9ed459e20c7543788461"
  integrity sha1-lVOxIbD6wohp2p7UWeIMdUN4hGE=

ismobilejs@^1.0.0:
  version "1.1.1"
  resolved "https://registry.npmjs.org/ismobilejs/-/ismobilejs-1.1.1.tgz#c56ca0ae8e52b24ca0f22ba5ef3215a2ddbbaa0e"
  integrity sha512-VaFW53yt8QO61k2WJui0dHf4SlL8lxBofUuUmwBo0ljPk0Drz2TiuDW4jo3wDcv41qy/SxrJ+VAzJ/qYqsmzRw==

js-beautify@^1.11.0:
  version "1.11.0"
  resolved "https://registry.npmjs.org/js-beautify/-/js-beautify-1.11.0.tgz#afb873dc47d58986360093dcb69951e8bcd5ded2"
  integrity sha512-a26B+Cx7USQGSWnz9YxgJNMmML/QG2nqIaL7VVYPCXbqiKz8PN0waSNvroMtvAK6tY7g/wPdNWGEP+JTNIBr6A==
  dependencies:
    config-chain "^1.1.12"
    editorconfig "^0.15.3"
    glob "^7.1.3"
    mkdirp "~1.0.3"
    nopt "^4.0.3"

"js-tokens@^3.0.0 || ^4.0.0":
  version "4.0.0"
  resolved "https://registry.npmjs.org/js-tokens/-/js-tokens-4.0.0.tgz#19203fb59991df98e3a287050d4647cdeaf32499"
  integrity sha512-RdJUflcE3cUzKiMqQgsCu06FPu9UdIJO0beYbPhHN4k6apgJtifcoCtT9bcxOpYBtpD2kCM6Sbzg4CausW/PKQ==

json2mq@^0.2.0:
  version "0.2.0"
  resolved "https://registry.npmjs.org/json2mq/-/json2mq-0.2.0.tgz#b637bd3ba9eabe122c83e9720483aeb10d2c904a"
  integrity sha1-tje9O6nqvhIsg+lyBIOusQ0skEo=
  dependencies:
    string-convert "^0.2.0"

lodash.toarray@^4.4.0:
  version "4.4.0"
  resolved "https://registry.npmjs.org/lodash.toarray/-/lodash.toarray-4.4.0.tgz#24c4bfcd6b2fba38bfd0594db1179d8e9b656561"
  integrity sha1-JMS/zWsvuji/0FlNsRedjptlZWE=

lodash@^4.17.5:
  version "4.17.19"
  resolved "https://registry.npmjs.org/lodash/-/lodash-4.17.19.tgz#e48ddedbe30b3321783c5b4301fbd353bc1e4a4b"
  integrity sha512-JNvd8XER9GQX0v2qJgsaN/mzFCNA5BRe/j8JN9d+tWyGLSodKQHKFicdwNYzWwI3wjRnaKPsGj1XkBjx/F96DQ==

loose-envify@^1.0.0:
  version "1.4.0"
  resolved "https://registry.npmjs.org/loose-envify/-/loose-envify-1.4.0.tgz#71ee51fa7be4caec1a63839f7e682d8132d30caf"
  integrity sha512-lyuxPGr/Wfhrlem2CL/UcnUc1zcqKAImBDzukY7Y5F/yQiNdko6+fRLevlw1HgMySw7f611UIY408EtxRSoK3Q==
  dependencies:
    js-tokens "^3.0.0 || ^4.0.0"

lru-cache@^4.1.5:
  version "4.1.5"
  resolved "https://registry.npmjs.org/lru-cache/-/lru-cache-4.1.5.tgz#8bbe50ea85bed59bc9e33dcab8235ee9bcf443cd"
  integrity sha512-sWZlbEP2OsHNkXrMl5GYk/jKk70MBng6UU4YI/qGDYbgf6YbP4EvmqISbXCoJiRKs+1bSpFHVgQxvJ17F2li5g==
  dependencies:
    pseudomap "^1.0.2"
    yallist "^2.1.2"

minimatch@^3.0.4:
  version "3.0.4"
  resolved "https://registry.npmjs.org/minimatch/-/minimatch-3.0.4.tgz#5166e286457f03306064be5497e8dbb0c3d32083"
  integrity sha512-yJHVQEhyqPLUTgt9B83PXu6W3rx4MvvHvSUvToogpwoGDOUQ+yDrR0HRot+yOCdCO7u4hX3pWft6kWBBcqh0UA==
  dependencies:
    brace-expansion "^1.1.7"

mkdirp@~1.0.3:
  version "1.0.4"
  resolved "https://registry.npmjs.org/mkdirp/-/mkdirp-1.0.4.tgz#3eb5ed62622756d79a5f0e2a221dfebad75c2f7e"
  integrity sha512-vVqVZQyf3WLx2Shd0qJ9xuvqgAyKPLAiqITEtqW0oIUjzo3PePDd6fW9iFz30ef7Ysp/oiWqbhszeGWW2T6Gzw==

moment@^2.21.0:
  version "2.27.0"
  resolved "https://registry.npmjs.org/moment/-/moment-2.27.0.tgz#8bff4e3e26a236220dfe3e36de756b6ebaa0105d"
  integrity sha512-al0MUK7cpIcglMv3YF13qSgdAIqxHTO7brRtaz3DlSULbqfazqkc5kEjNrLDOM7fsjshoFIihnU8snrP7zUvhQ==

mutationobserver-shim@^0.3.2:
  version "0.3.7"
  resolved "https://registry.npmjs.org/mutationobserver-shim/-/mutationobserver-shim-0.3.7.tgz#8bf633b0c0b0291a1107255ed32c13088a8c5bf3"
  integrity sha512-oRIDTyZQU96nAiz2AQyngwx1e89iApl2hN5AOYwyxLUB47UYsU3Wv9lJWqH5y/QdiYkc5HQLi23ZNB3fELdHcQ==

nanopop@^1.3.0:
  version "1.3.0"
  resolved "https://registry.npmjs.org/nanopop/-/nanopop-1.3.0.tgz#831df018169fb0a699d55a8d70a2ecd82abe7d00"
  integrity sha512-DQDhHyPhKLKrXOjVkChsAoWh/WpKuVINDKl4qvFbguqokRJWQBSNSlPzMS+Xy3yBQKeQ39rICMB2asDvdUiVxw==

node-emoji@^1.10.0:
  version "1.10.0"
  resolved "https://registry.npmjs.org/node-emoji/-/node-emoji-1.10.0.tgz#8886abd25d9c7bb61802a658523d1f8d2a89b2da"
  integrity sha512-Yt3384If5H6BYGVHiHwTL+99OzJKHhgp82S8/dktEK73T26BazdgZ4JZh92xSVtGNJvz9UbXdNAc5hcrXV42vw==
  dependencies:
    lodash.toarray "^4.4.0"

nopt@^4.0.3:
  version "4.0.3"
  resolved "https://registry.npmjs.org/nopt/-/nopt-4.0.3.tgz#a375cad9d02fd921278d954c2254d5aa57e15e48"
  integrity sha512-CvaGwVMztSMJLOeXPrez7fyfObdZqNUK1cPAEzLHrTybIua9pMdmmPR5YwtfNftIOMv3DPUhFaxsZMNTQO20Kg==
  dependencies:
    abbrev "1"
    osenv "^0.1.4"

object-assign@4.x:
  version "4.1.1"
  resolved "https://registry.npmjs.org/object-assign/-/object-assign-4.1.1.tgz#2109adc7965887cfc05cbbd442cac8bfbb360863"
  integrity sha1-IQmtx5ZYh8/AXLvUQsrIv7s2CGM=

omit.js@^1.0.0:
  version "1.0.2"
  resolved "https://registry.npmjs.org/omit.js/-/omit.js-1.0.2.tgz#91a14f0eba84066dfa015bf30e474c47f30bc858"
  integrity sha512-/QPc6G2NS+8d4L/cQhbk6Yit1WTB6Us2g84A7A/1+w9d/eRGHyEqC5kkQtHVoHZ5NFWGG7tUGgrhVZwgZanKrQ==
  dependencies:
    babel-runtime "^6.23.0"

once@^1.3.0:
  version "1.4.0"
  resolved "https://registry.npmjs.org/once/-/once-1.4.0.tgz#583b1aa775961d4b113ac17d9c50baef9dd76bd1"
  integrity sha1-WDsap3WWHUsROsF9nFC6753Xa9E=
  dependencies:
    wrappy "1"

os-homedir@^1.0.0:
  version "1.0.2"
  resolved "https://registry.npmjs.org/os-homedir/-/os-homedir-1.0.2.tgz#ffbc4988336e0e833de0c168c7ef152121aa7fb3"
  integrity sha1-/7xJiDNuDoM94MFox+8VISGqf7M=

os-tmpdir@^1.0.0:
  version "1.0.2"
  resolved "https://registry.npmjs.org/os-tmpdir/-/os-tmpdir-1.0.2.tgz#bbe67406c79aa85c5cfec766fe5734555dfa1274"
  integrity sha1-u+Z0BseaqFxc/sdm/lc0VV36EnQ=

osenv@^0.1.4:
  version "0.1.5"
  resolved "https://registry.npmjs.org/osenv/-/osenv-0.1.5.tgz#85cdfafaeb28e8677f416e287592b5f3f49ea410"
  integrity sha512-0CWcCECdMVc2Rw3U5w9ZjqX6ga6ubk1xDVKxtBQPK7wis/0F2r9T6k4ydGYhecl7YUBxBVxhL5oisPsNxAPe2g==
  dependencies:
    os-homedir "^1.0.0"
    os-tmpdir "^1.0.0"

path-is-absolute@^1.0.0:
  version "1.0.1"
  resolved "https://registry.npmjs.org/path-is-absolute/-/path-is-absolute-1.0.1.tgz#174b9268735534ffbc7ace6bf53a5a9e1b5c5f5f"
  integrity sha1-F0uSaHNVNP+8es5r9TpanhtcX18=

performance-now@^2.1.0:
  version "2.1.0"
  resolved "https://registry.npmjs.org/performance-now/-/performance-now-2.1.0.tgz#6309f4e0e5fa913ec1c69307ae364b4b377c9e7b"
  integrity sha1-Ywn04OX6kT7BxpMHrjZLSzd8nns=

proto-list@~1.2.1:
  version "1.2.4"
  resolved "https://registry.npmjs.org/proto-list/-/proto-list-1.2.4.tgz#212d5bfe1318306a420f6402b8e26ff39647a849"
  integrity sha1-IS1b/hMYMGpCD2QCuOJv85ZHqEk=

pseudomap@^1.0.2:
  version "1.0.2"
  resolved "https://registry.npmjs.org/pseudomap/-/pseudomap-1.0.2.tgz#f052a28da70e618917ef0a8ac34c1ae5a68286b3"
  integrity sha1-8FKijacOYYkX7wqKw0wa5aaChrM=

raf@^3.4.0:
  version "3.4.1"
  resolved "https://registry.npmjs.org/raf/-/raf-3.4.1.tgz#0742e99a4a6552f445d73e3ee0328af0ff1ede39"
  integrity sha512-Sq4CW4QhwOHE8ucn6J34MqtZCeWFP2aQSmrlroYgqAV1PjStIhJXxYuTgUIfkEk7zTLjmIjLmU5q+fbD1NnOJA==
  dependencies:
    performance-now "^2.1.0"

regenerator-runtime@^0.11.0:
  version "0.11.1"
  resolved "https://registry.npmjs.org/regenerator-runtime/-/regenerator-runtime-0.11.1.tgz#be05ad7f9bf7d22e056f9726cee5017fbf19e2e9"
  integrity sha512-MguG95oij0fC3QV3URf4V2SDYGJhJnJGqvIIgdECeODCT98wSWDAJ94SSuVpYQUoTcGUIL6L4yNB7j1DFFHSBg==

resize-observer-polyfill@^1.5.1:
  version "1.5.1"
  resolved "https://registry.npmjs.org/resize-observer-polyfill/-/resize-observer-polyfill-1.5.1.tgz#0e9020dd3d21024458d4ebd27e23e40269810464"
  integrity sha512-LwZrotdHOo12nQuZlHEmtuXdqGoOD0OhaxopaNFxWzInpEgaLWoVuAMbTzixuosCx2nEG58ngzW3vxdWoxIgdg==

semver@^5.6.0:
  version "5.7.1"
  resolved "https://registry.npmjs.org/semver/-/semver-5.7.1.tgz#a954f931aeba508d307bbf069eff0c01c96116f7"
  integrity sha512-sauaDf/PZdVgrLTNYHRtpXa1iRiKcaebiKQ1BJdpQlWH2lCvexQdX55snPFyK7QzpudqbCI0qXFfOasHdyNDGQ==

shallow-equal@^1.0.0:
  version "1.2.1"
  resolved "https://registry.npmjs.org/shallow-equal/-/shallow-equal-1.2.1.tgz#4c16abfa56043aa20d050324efa68940b0da79da"
  integrity sha512-S4vJDjHHMBaiZuT9NPb616CSmLf618jawtv3sufLl6ivK8WocjAo58cXwbRV1cgqxH0Qbv+iUt6m05eqEa2IRA==

shallowequal@^1.0.2:
  version "1.1.0"
  resolved "https://registry.npmjs.org/shallowequal/-/shallowequal-1.1.0.tgz#188d521de95b9087404fd4dcb68b13df0ae4e7f8"
  integrity sha512-y0m1JoUZSlPAjXVtPPW70aZWfIL/dSP7AFkRnniLCrK/8MDKog3TySTBmckD+RObVxH0v4Tox67+F14PdED2oQ==

sigmund@^1.0.1:
  version "1.0.1"
  resolved "https://registry.npmjs.org/sigmund/-/sigmund-1.0.1.tgz#3ff21f198cad2175f9f3b781853fd94d0d19b590"
  integrity sha1-P/IfGYytIXX587eBhT/ZTQ0ZtZA=

string-convert@^0.2.0:
  version "0.2.1"
  resolved "https://registry.npmjs.org/string-convert/-/string-convert-0.2.1.tgz#6982cc3049fbb4cd85f8b24568b9d9bf39eeff97"
  integrity sha1-aYLMMEn7tM2F+LJFaLnZvznu/5c=

tinycolor2@^1.4.1:
  version "1.4.1"
  resolved "https://registry.npmjs.org/tinycolor2/-/tinycolor2-1.4.1.tgz#f4fad333447bc0b07d4dc8e9209d8f39a8ac77e8"
  integrity sha1-9PrTM0R7wLB9TcjpIJ2POaisd+g=

vee-validate@^3.3.9:
  version "3.3.9"
  resolved "https://registry.npmjs.org/vee-validate/-/vee-validate-3.3.9.tgz#73db22eb28bea913b6a93b90369bb4cbf5e67d45"
  integrity sha512-0ibP+8dNU8XitkhcB5UBnVlHdPlUqFx6jGg4vNUN/lw5geVKBvgyo83y7YCvYA5iqQPgCnuQxsx8kTHa0d/Zyw==

vue-ref@^2.0.0:
  version "2.0.0"
  resolved "https://registry.npmjs.org/vue-ref/-/vue-ref-2.0.0.tgz#483084d732abed11da796778a8266a3af0ea1a9c"
  integrity sha512-uKNKpFOVeWNqS2mrBZqnpLyXJo5Q+vnkex6JvpENvhXHFNBW/SJTP8vJywLuVT3DpxwXcF9N0dyIiZ4/NpTexQ==

warning@^4.0.0:
  version "4.0.3"
  resolved "https://registry.npmjs.org/warning/-/warning-4.0.3.tgz#16e9e077eb8a86d6af7d64aa1e05fd85b4678ca3"
  integrity sha512-rpJyN222KWIvHJ/F53XSZv0Zl/accqHR8et1kpaMTD/fLCRxtV8iX8czMzY7sVZupTI3zcUTg8eycS2kNF9l6w==
  dependencies:
    loose-envify "^1.0.0"

wrappy@1:
  version "1.0.2"
  resolved "https://registry.npmjs.org/wrappy/-/wrappy-1.0.2.tgz#b5243d8f3ec1aa35f1364605bc0d1036e30ab69f"
  integrity sha1-tSQ9jz7BqjXxNkYFvA0QNuMKtp8=

yallist@^2.1.2:
  version "2.1.2"
  resolved "https://registry.npmjs.org/yallist/-/yallist-2.1.2.tgz#1c11f9218f076089a47dd512f93c6699a6a81d52"
  integrity sha1-HBH5IY8HYImkfdUS+TxmmaaoHVI=
